
Microsoft Visual Studio Solution File, Format Version 12.00
# Visual Studio Version 16
VisualStudioVersion = 16.0.28803.916
MinimumVisualStudioVersion = 10.0.40219.1
Project("{FAE04EC0-301F-11D3-BF4B-00C04F79EFBC}") = "Exer012", "Exer012\Exer012.csproj", "{F53F886F-3F42-4A4F-A753-C1C8C578AF36}"
EndProject
Global
	GlobalSection(SolutionConfigurationPlatforms) = preSolution
		Debug|Any CPU = Debug|Any CPU
		Release|Any CPU = Release|Any CPU
	EndGlobalSection
	GlobalSection(ProjectConfigurationPlatforms) = postSolution
		{F53F886F-3F42-4A4F-A753-C1C8C578AF36}.Debug|Any CPU.ActiveCfg = Debug|Any CPU
		{F53F886F-3F42-4A4F-A753-C1C8C578AF36}.Debug|Any CPU.Build.0 = Debug|Any CPU
		{F53F886F-3F42-4A4F-A753-C1C8C578AF36}.Release|Any CPU.ActiveCfg = Release|Any CPU
		{F53F886F-3F42-4A4F-A753-C1C8C578AF36}.Release|Any CPU.Build.0 = Release|Any CPU
	EndGlobalSection
	GlobalSection(SolutionProperties) = preSolution
		HideSolutionNode = FALSE
	EndGlobalSection
	GlobalSection(ExtensibilityGlobals) = postSolution
		SolutionGuid = {A2F1629E-5841-473D-AA75-EFB84F44691C}
	EndGlobalSection
EndGlobal
